# THIS IS AN AUTOGENERATED FILE. DO NOT EDIT THIS FILE DIRECTLY.
# yarn lockfile v1


immer@^9.0.16:
  version "9.0.16"
  resolved "https://registry.yarnpkg.com/immer/-/immer-9.0.16.tgz#8e7caab80118c2b54b37ad43e05758cdefad0198"
  integrity sha512-qenGE7CstVm1NrHQbMh8YaSzTZTFNP3zPqr3YU0S0UY441j4bJTg4A2Hh5KAhwgaiU6ZZ1Ar6y/2f4TblnMReQ==

use-immer@^0.8.1:
  version "0.8.1"
  resolved "https://registry.yarnpkg.com/use-immer/-/use-immer-0.8.1.tgz#db7442bdd64ecf826ce274a91aa8cf821945cf0f"
  integrity sha512-OfTFf1pL+ICjjcLPn9+ZnaJO/Yg4MBzYZtACEe2mZ/W2A5col28PNUnwowOAaBuOogACOK/37TU17KgsIhUpOw==
